
Microsoft Visual Studio Solution File, Format Version 12.00
# Visual Studio Version 17
VisualStudioVersion = 17.14.36202.13 d17.14
MinimumVisualStudioVersion = 10.0.40219.1
Project("{8BC9CEB8-8B4A-11D0-8D11-00A0C91BC942}") = "GuanDan", "GuanDan\GuanDan.vcxproj", "{11946B66-814E-445E-9766-1FB36B9AEEEF}"
EndProject
Global
	GlobalSection(SolutionConfigurationPlatforms) = preSolution
		Debug|x64 = Debug|x64
		Release|x64 = Release|x64
	EndGlobalSection
	GlobalSection(ProjectConfigurationPlatforms) = postSolution
		{11946B66-814E-445E-9766-1FB36B9AEEEF}.Debug|x64.ActiveCfg = Debug|x64
		{11946B66-814E-445E-9766-1FB36B9AEEEF}.Debug|x64.Build.0 = Debug|x64
		{11946B66-814E-445E-9766-1FB36B9AEEEF}.Release|x64.ActiveCfg = Release|x64
		{11946B66-814E-445E-9766-1FB36B9AEEEF}.Release|x64.Build.0 = Release|x64
	EndGlobalSection
	GlobalSection(SolutionProperties) = preSolution
		HideSolutionNode = FALSE
	EndGlobalSection
	GlobalSection(ExtensibilityGlobals) = postSolution
		SolutionGuid = {C580F229-770D-47C4-80E6-71E6FB21E40C}
	EndGlobalSection
EndGlobal
